
Microsoft Visual Studio Solution File, Format Version 12.00
# Visual Studio Version 17
VisualStudioVersion = 17.4.33122.133
MinimumVisualStudioVersion = 10.0.40219.1
Project("{FAE04EC0-301F-11D3-BF4B-00C04F79EFBC}") = "CS-Hello", "CS-Hello.csproj", "{A0F12DF0-0218-4CB7-B5F1-03B318EABB19}"
EndProject
Global
	GlobalSection(SolutionConfigurationPlatforms) = preSolution
		Debug|Any CPU = Debug|Any CPU
		Release|Any CPU = Release|Any CPU
	EndGlobalSection
	GlobalSection(ProjectConfigurationPlatforms) = postSolution
		{A0F12DF0-0218-4CB7-B5F1-03B318EABB19}.Debug|Any CPU.ActiveCfg = Debug|Any CPU
		{A0F12DF0-0218-4CB7-B5F1-03B318EABB19}.Debug|Any CPU.Build.0 = Debug|Any CPU
		{A0F12DF0-0218-4CB7-B5F1-03B318EABB19}.Release|Any CPU.ActiveCfg = Release|Any CPU
		{A0F12DF0-0218-4CB7-B5F1-03B318EABB19}.Release|Any CPU.Build.0 = Release|Any CPU
	EndGlobalSection
	GlobalSection(SolutionProperties) = preSolution
		HideSolutionNode = FALSE
	EndGlobalSection
	GlobalSection(ExtensibilityGlobals) = postSolution
		SolutionGuid = {B0807E56-2F1F-4341-8FFC-6550846D821A}
	EndGlobalSection
EndGlobal
